
Microsoft Visual Studio Solution File, Format Version 10.00
# Visual Studio 2008
Project("{FAE04EC0-301F-11D3-BF4B-00C04F79EFBC}") = "XmlAppend_Remove_Modify_subha", "XmlAppend_subha\XmlAppend_Remove_Modify_subha.csproj", "{B8438620-119A-47B0-8003-8FFA9BC8516B}"
EndProject
Global
	GlobalSection(SolutionConfigurationPlatforms) = preSolution
		Debug|Any CPU = Debug|Any CPU
		Release|Any CPU = Release|Any CPU
	EndGlobalSection
	GlobalSection(ProjectConfigurationPlatforms) = postSolution
		{B8438620-119A-47B0-8003-8FFA9BC8516B}.Debug|Any CPU.ActiveCfg = Debug|Any CPU
		{B8438620-119A-47B0-8003-8FFA9BC8516B}.Debug|Any CPU.Build.0 = Debug|Any CPU
		{B8438620-119A-47B0-8003-8FFA9BC8516B}.Release|Any CPU.ActiveCfg = Release|Any CPU
		{B8438620-119A-47B0-8003-8FFA9BC8516B}.Release|Any CPU.Build.0 = Release|Any CPU
	EndGlobalSection
	GlobalSection(SolutionProperties) = preSolution
		HideSolutionNode = FALSE
	EndGlobalSection
EndGlobal
